// !$*UTF8*$!
{
	archiveVersion = 1;
	classes = {
	};
	objectVersion = 56;
	objects = {

/* Begin PBXBuildFile section */
		04ABB2EB293ECD6700512813 /* AppDelegate.swift in Sources */ = {isa = PBXBuildFile; fileRef = 04ABB2EA293ECD6700512813 /* AppDelegate.swift */; };
		04ABB2ED293ECD6700512813 /* SceneDelegate.swift in Sources */ = {isa = PBXBuildFile; fileRef = 04ABB2EC293ECD6700512813 /* SceneDelegate.swift */; };
		04ABB2EF293ECD6700512813 /* ViewController.swift in Sources */ = {isa = PBXBuildFile; fileRef = 04ABB2EE293ECD6700512813 /* ViewController.swift */; };
		04ABB2F2293ECD6700512813 /* Main.storyboard in Resources */ = {isa = PBXBuildFile; fileRef = 04ABB2F0293ECD6700512813 /* Main.storyboard */; };
		04ABB2F4293ECD6A00512813 /* Assets.xcassets in Resources */ = {isa = PBXBuildFile; fileRef = 04ABB2F3293ECD6A00512813 /* Assets.xcassets */; };
		04ABB2F7293ECD6A00512813 /* LaunchScreen.storyboard in Resources */ = {isa = PBXBuildFile; fileRef = 04ABB2F5293ECD6A00512813 /* LaunchScreen.storyboard */; };
		04ABB300293ECDBC00512813 /* MainViewController.swift in Sources */ = {isa = PBXBuildFile; fileRef = 04ABB2FE293ECDBC00512813 /* MainViewController.swift */; };
		04ABB301293ECDBC00512813 /* MainViewController.xib in Resources */ = {isa = PBXBuildFile; fileRef = 04ABB2FF293ECDBC00512813 /* MainViewController.xib */; };
		04ABB304293ED01B00512813 /* newTableViewCell.swift in Sources */ = {isa = PBXBuildFile; fileRef = 04ABB302293ED01B00512813 /* newTableViewCell.swift */; };
		04ABB305293ED01B00512813 /* newTableViewCell.xib in Resources */ = {isa = PBXBuildFile; fileRef = 04ABB303293ED01B00512813 /* newTableViewCell.xib */; };
/* End PBXBuildFile section */

/* Begin PBXFileReference section */
		04ABB2E7293ECD6700512813 /* 6.12 dars.app */ = {isa = PBXFileReference; explicitFileType = wrapper.application; includeInIndex = 0; path = "6.12 dars.app"; sourceTree = BUILT_PRODUCTS_DIR; };
		04ABB2EA293ECD6700512813 /* AppDelegate.swift */ = {isa = PBXFileReference; lastKnownFileType = sourcecode.swift; path = AppDelegate.swift; sourceTree = "<group>"; };
		04ABB2EC293ECD6700512813 /* SceneDelegate.swift */ = {isa = PBXFileReference; lastKnownFileType = sourcecode.swift; path = SceneDelegate.swift; sourceTree = "<group>"; };
		04ABB2EE293ECD6700512813 /* ViewController.swift */ = {isa = PBXFileReference; lastKnownFileType = sourcecode.swift; path = ViewController.swift; sourceTree = "<group>"; };
		04ABB2F1293ECD6700512813 /* Base */ = {isa = PBXFileReference; lastKnownFileType = file.storyboard; name = Base; path = Base.lproj/Main.storyboard; sourceTree = "<group>"; };
		04ABB2F3293ECD6A00512813 /* Assets.xcassets */ = {isa = PBXFileReference; lastKnownFileType = folder.assetcatalog; path = Assets.xcassets; sourceTree = "<group>"; };
		04ABB2F6293ECD6A00512813 /* Base */ = {isa = PBXFileReference; lastKnownFileType = file.storyboard; name = Base; path = Base.lproj/LaunchScreen.storyboard; sourceTree = "<group>"; };
		04ABB2F8293ECD6A00512813 /* Info.plist */ = {isa = PBXFileReference; lastKnownFileType = text.plist.xml; path = Info.plist; sourceTree = "<group>"; };
		04ABB2FE293ECDBC00512813 /* MainViewController.swift */ = {isa = PBXFileReference; lastKnownFileType = sourcecode.swift; path = MainViewController.swift; sourceTree = "<group>"; };
		04ABB2FF293ECDBC00512813 /* MainViewController.xib */ = {isa = PBXFileReference; lastKnownFileType = file.xib; path = MainViewController.xib; sourceTree = "<group>"; };
		04ABB302293ED01B00512813 /* newTableViewCell.swift */ = {isa = PBXFileReference; lastKnownFileType = sourcecode.swift; path = newTableViewCell.swift; sourceTree = "<group>"; };
		04ABB303293ED01B00512813 /* newTableViewCell.xib */ = {isa = PBXFileReference; lastKnownFileType = file.xib; path = newTableViewCell.xib; sourceTree = "<group>"; };
/* End PBXFileReference section */

/* Begin PBXFrameworksBuildPhase section */
		04ABB2E4293ECD6700512813 /* Frameworks */ = {
			isa = PBXFrameworksBuildPhase;
			buildActionMask = 2147483647;
			files = (
			);
			runOnlyForDeploymentPostprocessing = 0;
		};
/* End PBXFrameworksBuildPhase section */

/* Begin PBXGroup section */
		04199952293FC72B0082625A /* main */ = {
			isa = PBXGroup;
			children = (
				04ABB2FE293ECDBC00512813 /* MainViewController.swift */,
				04ABB2FF293ECDBC00512813 /* MainViewController.xib */,
			);
			path = main;
			sourceTree = "<group>";
		};
		04199953293FC7310082625A /* cell */ = {
			isa = PBXGroup;
			children = (
				04ABB302293ED01B00512813 /* newTableViewCell.swift */,
				04ABB303293ED01B00512813 /* newTableViewCell.xib */,
			);
			path = cell;
			sourceTree = "<group>";
		};
		04ABB2DE293ECD6700512813 = {
			isa = PBXGroup;
			children = (
				04199953293FC7310082625A /* cell */,
				04199952293FC72B0082625A /* main */,
				04ABB2E9293ECD6700512813 /* 6.12 dars */,
				04ABB2E8293ECD6700512813 /* Products */,
			);
			sourceTree = "<group>";
		};
		04ABB2E8293ECD6700512813 /* Products */ = {
			isa = PBXGroup;
			children = (
				04ABB2E7293ECD6700512813 /* 6.12 dars.app */,
			);
			name = Products;
			sourceTree = "<group>";
		};
		04ABB2E9293ECD6700512813 /* 6.12 dars */ = {
			isa = PBXGroup;
			children = (
				04ABB2EA293ECD6700512813 /* AppDelegate.swift */,
				04ABB2EC293ECD6700512813 /* SceneDelegate.swift */,
				04ABB2EE293ECD6700512813 /* ViewController.swift */,
				04ABB2F0293ECD6700512813 /* Main.storyboard */,
				04ABB2F3293ECD6A00512813 /* Assets.xcassets */,
				04ABB2F5293ECD6A00512813 /* LaunchScreen.storyboard */,
				04ABB2F8293ECD6A00512813 /* Info.plist */,
			);
			path = "6.12 dars";
			sourceTree = "<group>";
		};
/* End PBXGroup section */

/* Begin PBXNativeTarget section */
		04ABB2E6293ECD6700512813 /* 6.12 dars */ = {
			isa = PBXNativeTarget;
			buildConfigurationList = 04ABB2FB293ECD6A00512813 /* Build configuration list for PBXNativeTarget "6.12 dars" */;
			buildPhases = (
				04ABB2E3293ECD6700512813 /* Sources */,
				04ABB2E4293ECD6700512813 /* Frameworks */,
				04ABB2E5293ECD6700512813 /* Resources */,
			);
			buildRules = (
			);
			dependencies = (
			);
			name = "6.12 dars";
			productName = "6.12 dars";
			productReference = 04ABB2E7293ECD6700512813 /* 6.12 dars.app */;
			productType = "com.apple.product-type.application";
		};
/* End PBXNativeTarget section */

/* Begin PBXProject section */
		04ABB2DF293ECD6700512813 /* Project object */ = {
			isa = PBXProject;
			attributes = {
				BuildIndependentTargetsInParallel = 1;
				LastSwiftUpdateCheck = 1410;
				LastUpgradeCheck = 1410;
				TargetAttributes = {
					04ABB2E6293ECD6700512813 = {
						CreatedOnToolsVersion = 14.1;
					};
				};
			};
			buildConfigurationList = 04ABB2E2293ECD6700512813 /* Build configuration list for PBXProject "6.12 dars" */;
			compatibilityVersion = "Xcode 14.0";
			developmentRegion = en;
			hasScannedForEncodings = 0;
			knownRegions = (
				en,
				Base,
			);
			mainGroup = 04ABB2DE293ECD6700512813;
			productRefGroup = 04ABB2E8293ECD6700512813 /* Products */;
			projectDirPath = "";
			projectRoot = "";
			targets = (
				04ABB2E6293ECD6700512813 /* 6.12 dars */,
			);
		};
/* End PBXProject section */

/* Begin PBXResourcesBuildPhase section */
		04ABB2E5293ECD6700512813 /* Resources */ = {
			isa = PBXResourcesBuildPhase;
			buildActionMask = 2147483647;
			files = (
				04ABB2F7293ECD6A00512813 /* LaunchScreen.storyboard in Resources */,
				04ABB2F4293ECD6A00512813 /* Assets.xcassets in Resources */,
				04ABB305293ED01B00512813 /* newTableViewCell.xib in Resources */,
				04ABB2F2293ECD6700512813 /* Main.storyboard in Resources */,
				04ABB301293ECDBC00512813 /* MainViewController.xib in Resources */,
			);
			runOnlyForDeploymentPostprocessing = 0;
		};
/* End PBXResourcesBuildPhase section */

/* Begin PBXSourcesBuildPhase section */
		04ABB2E3293ECD6700512813 /* Sources */ = {
			isa = PBXSourcesBuildPhase;
			buildActionMask = 2147483647;
			files = (
				04ABB304293ED01B00512813 /* newTableViewCell.swift in Sources */,
				04ABB2EF293ECD6700512813 /* ViewController.swift in Sources */,
				04ABB2EB293ECD6700512813 /* AppDelegate.swift in Sources */,
				04ABB2ED293ECD6700512813 /* SceneDelegate.swift in Sources */,
				04ABB300293ECDBC00512813 /* MainViewController.swift in Sources */,
			);
			runOnlyForDeploymentPostprocessing = 0;
		};
/* End PBXSourcesBuildPhase section */

/* Begin PBXVariantGroup section */
		04ABB2F0293ECD6700512813 /* Main.storyboard */ = {
			isa = PBXVariantGroup;
			children = (
				04ABB2F1293ECD6700512813 /* Base */,
			);
			name = Main.storyboard;
			sourceTree = "<group>";
		};
		04ABB2F5293ECD6A00512813 /* LaunchScreen.storyboard */ = {
			isa = PBXVariantGroup;
			children = (
				04ABB2F6293ECD6A00512813 /* Base */,
			);
			name = LaunchScreen.storyboard;
			sourceTree = "<group>";
		};
/* End PBXVariantGroup section */

/* Begin XCBuildConfiguration section */
		04ABB2F9293ECD6A00512813 /* Debug */ = {
			isa = XCBuildConfiguration;
			buildSettings = {
				ALWAYS_SEARCH_USER_PATHS = NO;
				CLANG_ANALYZER_NONNULL = YES;
				CLANG_ANALYZER_NUMBER_OBJECT_CONVERSION = YES_AGGRESSIVE;
				CLANG_CXX_LANGUAGE_STANDARD = "gnu++20";
				CLANG_ENABLE_MODULES = YES;
				CLANG_ENABLE_OBJC_ARC = YES;
				CLANG_ENABLE_OBJC_WEAK = YES;
				CLANG_WARN_BLOCK_CAPTURE_AUTORELEASING = YES;
				CLANG_WARN_BOOL_CONVERSION = YES;
				CLANG_WARN_COMMA = YES;
				CLANG_WARN_CONSTANT_CONVERSION = YES;
				CLANG_WARN_DEPRECATED_OBJC_IMPLEMENTATIONS = YES;
				CLANG_WARN_DIRECT_OBJC_ISA_USAGE = YES_ERROR;
				CLANG_WARN_DOCUMENTATION_COMMENTS = YES;
				CLANG_WARN_EMPTY_BODY = YES;
				CLANG_WARN_ENUM_CONVERSION = YES;
				CLANG_WARN_INFINITE_RECURSION = YES;
				CLANG_WARN_INT_CONVERSION = YES;
				CLANG_WARN_NON_LITERAL_NULL_CONVERSION = YES;
				CLANG_WARN_OBJC_IMPLICIT_RETAIN_SELF = YES;
				CLANG_WARN_OBJC_LITERAL_CONVERSION = YES;
				CLANG_WARN_OBJC_ROOT_CLASS = YES_ERROR;
				CLANG_WARN_QUOTED_INCLUDE_IN_FRAMEWORK_HEADER = YES;
				CLANG_WARN_RANGE_LOOP_ANALYSIS = YES;
				CLANG_WARN_STRICT_PROTOTYPES = YES;
				CLANG_WARN_SUSPICIOUS_MOVE = YES;
				CLANG_WARN_UNGUARDED_AVAILABILITY = YES_AGGRESSIVE;
				CLANG_WARN_UNREACHABLE_CODE = YES;
				CLANG_WARN__DUPLICATE_METHOD_MATCH = YES;
				COPY_PHASE_STRIP = NO;
				DEBUG_INFORMATION_FORMAT = dwarf;
				ENABLE_STRICT_OBJC_MSGSEND = YES;
				ENABLE_TESTABILITY = YES;
				GCC_C_LANGUAGE_STANDARD = gnu11;
				GCC_DYNAMIC_NO_PIC = NO;
				GCC_NO_COMMON_BLOCKS = YES;
				GCC_OPTIMIZATION_LEVEL = 0;
				GCC_PREPROCESSOR_DEFINITIONS = (
					"DEBUG=1",
					"$(inherited)",
				);
				GCC_WARN_64_TO_32_BIT_CONVERSION = YES;
				GCC_WARN_ABOUT_RETURN_TYPE = YES_ERROR;
				GCC_WARN_UNDECLARED_SELECTOR = YES;
				GCC_WARN_UNINITIALIZED_AUTOS = YES_AGGRESSIVE;
				GCC_WARN_UNUSED_FUNCTION = YES;
				GCC_WARN_UNUSED_VARIABLE = YES;
				IPHONEOS_DEPLOYMENT_TARGET = 16.1;
				MTL_ENABLE_DEBUG_INFO = INCLUDE_SOURCE;
				MTL_FAST_MATH = YES;
				ONLY_ACTIVE_ARCH = YES;
				SDKROOT = iphoneos;
				SWIFT_ACTIVE_COMPILATION_CONDITIONS = DEBUG;
				SWIFT_OPTIMIZATION_LEVEL = "-Onone";
			};
			name = Debug;
		};
		04ABB2FA293ECD6A00512813 /* Release */ = {
			isa = XCBuildConfiguration;
			buildSettings = {
				ALWAYS_SEARCH_USER_PATHS = NO;
				CLANG_ANALYZER_NONNULL = YES;
				CLANG_ANALYZER_NUMBER_OBJECT_CONVERSION = YES_AGGRESSIVE;
				CLANG_CXX_LANGUAGE_STANDARD = "gnu++20";
				CLANG_ENABLE_MODULES = YES;
				CLANG_ENABLE_OBJC_ARC = YES;
				CLANG_ENABLE_OBJC_WEAK = YES;
				CLANG_WARN_BLOCK_CAPTURE_AUTORELEASING = YES;
				CLANG_WARN_BOOL_CONVERSION = YES;
				CLANG_WARN_COMMA = YES;
				CLANG_WARN_CONSTANT_CONVERSION = YES;
				CLANG_WARN_DEPRECATED_OBJC_IMPLEMENTATIONS = YES;
				CLANG_WARN_DIRECT_OBJC_ISA_USAGE = YES_ERROR;
				CLANG_WARN_DOCUMENTATION_COMMENTS = YES;
				CLANG_WARN_EMPTY_BODY = YES;
				CLANG_WARN_ENUM_CONVERSION = YES;
				CLANG_WARN_INFINITE_RECURSION = YES;
				CLANG_WARN_INT_CONVERSION = YES;
				CLANG_WARN_NON_LITERAL_NULL_CONVERSION = YES;
				CLANG_WARN_OBJC_IMPLICIT_RETAIN_SELF = YES;
				CLANG_WARN_OBJC_LITERAL_CONVERSION = YES;
				CLANG_WARN_OBJC_ROOT_CLASS = YES_ERROR;
				CLANG_WARN_QUOTED_INCLUDE_IN_FRAMEWORK_HEADER = YES;
				CLANG_WARN_RANGE_LOOP_ANALYSIS = YES;
				CLANG_WARN_STRICT_PROTOTYPES = YES;
				CLANG_WARN_SUSPICIOUS_MOVE = YES;
				CLANG_WARN_UNGUARDED_AVAILABILITY = YES_AGGRESSIVE;
				CLANG_WARN_UNREACHABLE_CODE = YES;
				CLANG_WARN__DUPLICATE_METHOD_MATCH = YES;
				COPY_PHASE_STRIP = NO;
				DEBUG_INFORMATION_FORMAT = "dwarf-with-dsym";
				ENABLE_NS_ASSERTIONS = NO;
				ENABLE_STRICT_OBJC_MSGSEND = YES;
				GCC_C_LANGUAGE_STANDARD = gnu11;
				GCC_NO_COMMON_BLOCKS = YES;
				GCC_WARN_64_TO_32_BIT_CONVERSION = YES;
				GCC_WARN_ABOUT_RETURN_TYPE = YES_ERROR;
				GCC_WARN_UNDECLARED_SELECTOR = YES;
				GCC_WARN_UNINITIALIZED_AUTOS = YES_AGGRESSIVE;
				GCC_WARN_UNUSED_FUNCTION = YES;
				GCC_WARN_UNUSED_VARIABLE = YES;
				IPHONEOS_DEPLOYMENT_TARGET = 16.1;
				MTL_ENABLE_DEBUG_INFO = NO;
				MTL_FAST_MATH = YES;
				SDKROOT = iphoneos;
				SWIFT_COMPILATION_MODE = wholemodule;
				SWIFT_OPTIMIZATION_LEVEL = "-O";
				VALIDATE_PRODUCT = YES;
			};
			name = Release;
		};
		04ABB2FC293ECD6A00512813 /* Debug */ = {
			isa = XCBuildConfiguration;
			buildSettings = {
				ASSETCATALOG_COMPILER_APPICON_NAME = AppIcon;
				ASSETCATALOG_COMPILER_GLOBAL_ACCENT_COLOR_NAME = AccentColor;
				CODE_SIGN_STYLE = Automatic;
				CURRENT_PROJECT_VERSION = 1;
				DEVELOPMENT_TEAM = Y6KM2TQ2K4;
				GENERATE_INFOPLIST_FILE = YES;
				INFOPLIST_FILE = "6.12 dars/Info.plist";
				INFOPLIST_KEY_UIApplicationSupportsIndirectInputEvents = YES;
				INFOPLIST_KEY_UILaunchStoryboardName = LaunchScreen;
				INFOPLIST_KEY_UIMainStoryboardFile = Main;
				INFOPLIST_KEY_UISupportedInterfaceOrientations_iPad = "UIInterfaceOrientationPortrait UIInterfaceOrientationPortraitUpsideDown UIInterfaceOrientationLandscapeLeft UIInterfaceOrientationLandscapeRight";
				INFOPLIST_KEY_UISupportedInterfaceOrientations_iPhone = "UIInterfaceOrientationPortrait UIInterfaceOrientationLandscapeLeft UIInterfaceOrientationLandscapeRight";
				LD_RUNPATH_SEARCH_PATHS = (
					"$(inherited)",
					"@executable_path/Frameworks",
				);
				MARKETING_VERSION = 1.0;
				PRODUCT_BUNDLE_IDENTIFIER = "isroil.--12-dars";
				PRODUCT_NAME = "$(TARGET_NAME)";
				SWIFT_EMIT_LOC_STRINGS = YES;
				SWIFT_VERSION = 5.0;
				TARGETED_DEVICE_FAMILY = "1,2";
			};
			name = Debug;
		};
		04ABB2FD293ECD6A00512813 /* Release */ = {
			isa = XCBuildConfiguration;
			buildSettings = {
				ASSETCATALOG_COMPILER_APPICON_NAME = AppIcon;
				ASSETCATALOG_COMPILER_GLOBAL_ACCENT_COLOR_NAME = AccentColor;
				CODE_SIGN_STYLE = Automatic;
				CURRENT_PROJECT_VERSION = 1;
				DEVELOPMENT_TEAM = Y6KM2TQ2K4;
				GENERATE_INFOPLIST_FILE = YES;
				INFOPLIST_FILE = "6.12 dars/Info.plist";
				INFOPLIST_KEY_UIApplicationSupportsIndirectInputEvents = YES;
				INFOPLIST_KEY_UILaunchStoryboardName = LaunchScreen;
				INFOPLIST_KEY_UIMainStoryboardFile = Main;
				INFOPLIST_KEY_UISupportedInterfaceOrientations_iPad = "UIInterfaceOrientationPortrait UIInterfaceOrientationPortraitUpsideDown UIInterfaceOrientationLandscapeLeft UIInterfaceOrientationLandscapeRight";
				INFOPLIST_KEY_UISupportedInterfaceOrientations_iPhone = "UIInterfaceOrientationPortrait UIInterfaceOrientationLandscapeLeft UIInterfaceOrientationLandscapeRight";
				LD_RUNPATH_SEARCH_PATHS = (
					"$(inherited)",
					"@executable_path/Frameworks",
				);
				MARKETING_VERSION = 1.0;
				PRODUCT_BUNDLE_IDENTIFIER = "isroil.--12-dars";
				PRODUCT_NAME = "$(TARGET_NAME)";
				SWIFT_EMIT_LOC_STRINGS = YES;
				SWIFT_VERSION = 5.0;
				TARGETED_DEVICE_FAMILY = "1,2";
			};
			name = Release;
		};
/* End XCBuildConfiguration section */

/* Begin XCConfigurationList section */
		04ABB2E2293ECD6700512813 /* Build configuration list for PBXProject "6.12 dars" */ = {
			isa = XCConfigurationList;
			buildConfigurations = (
				04ABB2F9293ECD6A00512813 /* Debug */,
				04ABB2FA293ECD6A00512813 /* Release */,
			);
			defaultConfigurationIsVisible = 0;
			defaultConfigurationName = Release;
		};
		04ABB2FB293ECD6A00512813 /* Build configuration list for PBXNativeTarget "6.12 dars" */ = {
			isa = XCConfigurationList;
			buildConfigurations = (
				04ABB2FC293ECD6A00512813 /* Debug */,
				04ABB2FD293ECD6A00512813 /* Release */,
			);
			defaultConfigurationIsVisible = 0;
			defaultConfigurationName = Release;
		};
/* End XCConfigurationList section */
	};
	rootObject = 04ABB2DF293ECD6700512813 /* Project object */;
}
